
Microsoft Visual Studio Solution File, Format Version 12.00
# Visual Studio Version 17
VisualStudioVersion = 17.14.36121.58 d17.14
MinimumVisualStudioVersion = 10.0.40219.1
Project("{FAE04EC0-301F-11D3-BF4B-00C04F79EFBC}") = "SystemZarzadzaniaPracownikami", "SystemZarzadzaniaPracownikami\SystemZarzadzaniaPracownikami.csproj", "{8787C43F-0686-4C0D-93C2-99E09C84CB0A}"
EndProject
Global
	GlobalSection(SolutionConfigurationPlatforms) = preSolution
		Debug|Any CPU = Debug|Any CPU
		Release|Any CPU = Release|Any CPU
	EndGlobalSection
	GlobalSection(ProjectConfigurationPlatforms) = postSolution
		{8787C43F-0686-4C0D-93C2-99E09C84CB0A}.Debug|Any CPU.ActiveCfg = Debug|Any CPU
		{8787C43F-0686-4C0D-93C2-99E09C84CB0A}.Debug|Any CPU.Build.0 = Debug|Any CPU
		{8787C43F-0686-4C0D-93C2-99E09C84CB0A}.Release|Any CPU.ActiveCfg = Release|Any CPU
		{8787C43F-0686-4C0D-93C2-99E09C84CB0A}.Release|Any CPU.Build.0 = Release|Any CPU
	EndGlobalSection
	GlobalSection(SolutionProperties) = preSolution
		HideSolutionNode = FALSE
	EndGlobalSection
	GlobalSection(ExtensibilityGlobals) = postSolution
		SolutionGuid = {94479A1B-9625-4EB3-8F8A-8B14FD1E40ED}
	EndGlobalSection
EndGlobal
